// !$*UTF8*$!
{
	archiveVersion = 1;
	classes = {
	};
	objectVersion = 46;
	objects = {

/* Begin PBXBuildFile section */
		4E5F45B8151EC9C5BA57C1EB /* libPods.a in Frameworks */ = {isa = PBXBuildFile; fileRef = 19FE449B7DE49B6B9E064A78 /* libPods.a */; };
		851775221A4B37A600FC124B /* NavigationControllerSubClass.m in Sources */ = {isa = PBXBuildFile; fileRef = 851775211A4B37A600FC124B /* NavigationControllerSubClass.m */; };
		851775251A4B3D4700FC124B /* MyPlaylistsViewController.m in Sources */ = {isa = PBXBuildFile; fileRef = 851775241A4B3D4700FC124B /* MyPlaylistsViewController.m */; };
		853AF4551A4A2E4B003A5A33 /* IDSongToolBar.m in Sources */ = {isa = PBXBuildFile; fileRef = 853AF4541A4A2E4B003A5A33 /* IDSongToolBar.m */; };
		85C2B46C1A4D8421005273A0 /* IDSongResult.m in Sources */ = {isa = PBXBuildFile; fileRef = 85C2B46B1A4D8421005273A0 /* IDSongResult.m */; };
		85C2B4731A5067AA005273A0 /* SmokeShape.png in Resources */ = {isa = PBXBuildFile; fileRef = 85C2B4721A5067AA005273A0 /* SmokeShape.png */; };
		85C2B4791A5067D1005273A0 /* NSData+Base64.m in Sources */ = {isa = PBXBuildFile; fileRef = 85C2B4761A5067D1005273A0 /* NSData+Base64.m */; };
		85C2B47A1A5067D1005273A0 /* UIEffectDesignerView.m in Sources */ = {isa = PBXBuildFile; fileRef = 85C2B4781A5067D1005273A0 /* UIEffectDesignerView.m */; };
		85C2B47C1A50686E005273A0 /* smoke.ped in Resources */ = {isa = PBXBuildFile; fileRef = 85C2B47B1A50686E005273A0 /* smoke.ped */; };
		85C2B47F1A526265005273A0 /* SettingsViewController.m in Sources */ = {isa = PBXBuildFile; fileRef = 85C2B47E1A526265005273A0 /* SettingsViewController.m */; };
		85D477CB1A586670002A28B5 /* disc.m in Sources */ = {isa = PBXBuildFile; fileRef = 85D477CA1A586670002A28B5 /* disc.m */; };
		85D477CE1A5866ED002A28B5 /* track.m in Sources */ = {isa = PBXBuildFile; fileRef = 85D477CD1A5866ED002A28B5 /* track.m */; };
		85D477D11A599FF6002A28B5 /* JukeboxTrackCell.m in Sources */ = {isa = PBXBuildFile; fileRef = 85D477D01A599FF6002A28B5 /* JukeboxTrackCell.m */; };
		8D4D70A11A5ADDFB000356A5 /* JukeboxPrototypeCell.xib in Resources */ = {isa = PBXBuildFile; fileRef = 8D4D70A01A5ADDFB000356A5 /* JukeboxPrototypeCell.xib */; };
		8D4D70A31A5AE4E6000356A5 /* 0101.jpg in Resources */ = {isa = PBXBuildFile; fileRef = 8D4D70A21A5AE4E6000356A5 /* 0101.jpg */; };
		8D4D70A61A5AEA7F000356A5 /* 0102.jpg in Resources */ = {isa = PBXBuildFile; fileRef = 8D4D70A51A5AEA7F000356A5 /* 0102.jpg */; };
		8D4D70A81A5AEB13000356A5 /* 0103.jpg in Resources */ = {isa = PBXBuildFile; fileRef = 8D4D70A71A5AEB13000356A5 /* 0103.jpg */; };
		8D4D70AA1A5B0FE4000356A5 /* 0201.jpg in Resources */ = {isa = PBXBuildFile; fileRef = 8D4D70A91A5B0FE4000356A5 /* 0201.jpg */; };
		8D4D70AC1A5B1047000356A5 /* 0301.jpg in Resources */ = {isa = PBXBuildFile; fileRef = 8D4D70AB1A5B1047000356A5 /* 0301.jpg */; };
		8D4D70AF1A5B49C4000356A5 /* SongInfo.m in Sources */ = {isa = PBXBuildFile; fileRef = 8D4D70AE1A5B49C4000356A5 /* SongInfo.m */; };
		8D4D70B41A5C2F28000356A5 /* 0301lrg.jpg in Resources */ = {isa = PBXBuildFile; fileRef = 8D4D70B31A5C2F28000356A5 /* 0301lrg.jpg */; };
		8D4D70BF1A5C7360000356A5 /* JukeboxDiscPickerView.m in Sources */ = {isa = PBXBuildFile; fileRef = 8D4D70BE1A5C7360000356A5 /* JukeboxDiscPickerView.m */; };
		8D67C2961A48AFE400BB6835 /* richards-bar.jpg in Resources */ = {isa = PBXBuildFile; fileRef = 8D67C2951A48AFE400BB6835 /* richards-bar.jpg */; };
		8D67C2981A48B26300BB6835 /* podfile in Resources */ = {isa = PBXBuildFile; fileRef = 8D67C2971A48B26300BB6835 /* podfile */; };
		8D67C29A1A48B51B00BB6835 /* libsqlite3.dylib in Frameworks */ = {isa = PBXBuildFile; fileRef = 8D67C2991A48B51B00BB6835 /* libsqlite3.dylib */; };
		8D67C29C1A48B52000BB6835 /* CoreImage.framework in Frameworks */ = {isa = PBXBuildFile; fileRef = 8D67C29B1A48B52000BB6835 /* CoreImage.framework */; };
		8D67C29E1A48B52800BB6835 /* MapKit.framework in Frameworks */ = {isa = PBXBuildFile; fileRef = 8D67C29D1A48B52800BB6835 /* MapKit.framework */; };
		8D67C2BB1A48CB0E00BB6835 /* MPAnimation.m in Sources */ = {isa = PBXBuildFile; fileRef = 8D67C2A61A48CB0E00BB6835 /* MPAnimation.m */; };
		8D67C2BC1A48CB0E00BB6835 /* MPFlipTransition.m in Sources */ = {isa = PBXBuildFile; fileRef = 8D67C2A91A48CB0E00BB6835 /* MPFlipTransition.m */; };
		8D67C2BD1A48CB0E00BB6835 /* MPFoldTransition.m in Sources */ = {isa = PBXBuildFile; fileRef = 8D67C2AC1A48CB0E00BB6835 /* MPFoldTransition.m */; };
		8D67C2BE1A48CB0E00BB6835 /* MPTransition.m in Sources */ = {isa = PBXBuildFile; fileRef = 8D67C2AE1A48CB0E00BB6835 /* MPTransition.m */; };
		8D67C2BF1A48CB0E00BB6835 /* MPFlipSegue.m in Sources */ = {isa = PBXBuildFile; fileRef = 8D67C2B21A48CB0E00BB6835 /* MPFlipSegue.m */; };
		8D67C2C01A48CB0E00BB6835 /* MPFoldModalSegue.m in Sources */ = {isa = PBXBuildFile; fileRef = 8D67C2B41A48CB0E00BB6835 /* MPFoldModalSegue.m */; };
		8D67C2C11A48CB0E00BB6835 /* MPFoldNavPopSegue.m in Sources */ = {isa = PBXBuildFile; fileRef = 8D67C2B61A48CB0E00BB6835 /* MPFoldNavPopSegue.m */; };
		8D67C2C21A48CB0E00BB6835 /* MPFoldNavPushSegue.m in Sources */ = {isa = PBXBuildFile; fileRef = 8D67C2B81A48CB0E00BB6835 /* MPFoldNavPushSegue.m */; };
		8D67C2C31A48CB0E00BB6835 /* MPFoldSegue.m in Sources */ = {isa = PBXBuildFile; fileRef = 8D67C2BA1A48CB0E00BB6835 /* MPFoldSegue.m */; };
		8D67C31C1A48CB7F00BB6835 /* UIKit.framework in Frameworks */ = {isa = PBXBuildFile; fileRef = 8D67C31B1A48CB7F00BB6835 /* UIKit.framework */; };
		8D67C31E1A48CB9000BB6835 /* Foundation.framework in Frameworks */ = {isa = PBXBuildFile; fileRef = 8D67C31D1A48CB9000BB6835 /* Foundation.framework */; };
		8D67C3201A48CB9C00BB6835 /* CoreGraphics.framework in Frameworks */ = {isa = PBXBuildFile; fileRef = 8D67C31F1A48CB9C00BB6835 /* CoreGraphics.framework */; };
		8D67C3221A48CBA400BB6835 /* QuartzCore.framework in Frameworks */ = {isa = PBXBuildFile; fileRef = 8D67C3211A48CBA400BB6835 /* QuartzCore.framework */; };
		8D67C3241A48CCE500BB6835 /* audiowave@2x.png in Resources */ = {isa = PBXBuildFile; fileRef = 8D67C3231A48CCE500BB6835 /* audiowave@2x.png */; };
		8D67C3271A48CF4800BB6835 /* StartScreenViewController.m in Sources */ = {isa = PBXBuildFile; fileRef = 8D67C3261A48CF4800BB6835 /* StartScreenViewController.m */; };
		8D67C32A1A48D07100BB6835 /* IDSongButton.m in Sources */ = {isa = PBXBuildFile; fileRef = 8D67C3291A48D07100BB6835 /* IDSongButton.m */; };
		8D9D5DEF1A48A3ED007437B6 /* main.m in Sources */ = {isa = PBXBuildFile; fileRef = 8D9D5DEE1A48A3ED007437B6 /* main.m */; };
		8D9D5DF21A48A3ED007437B6 /* AppDelegate.m in Sources */ = {isa = PBXBuildFile; fileRef = 8D9D5DF11A48A3ED007437B6 /* AppDelegate.m */; };
		8D9D5DF51A48A3ED007437B6 /* ViewController.m in Sources */ = {isa = PBXBuildFile; fileRef = 8D9D5DF41A48A3ED007437B6 /* ViewController.m */; };
		8D9D5DF81A48A3ED007437B6 /* Main.storyboard in Resources */ = {isa = PBXBuildFile; fileRef = 8D9D5DF61A48A3ED007437B6 /* Main.storyboard */; };
		8D9D5DFA1A48A3ED007437B6 /* Images.xcassets in Resources */ = {isa = PBXBuildFile; fileRef = 8D9D5DF91A48A3ED007437B6 /* Images.xcassets */; };
		8D9D5DFD1A48A3ED007437B6 /* LaunchScreen.xib in Resources */ = {isa = PBXBuildFile; fileRef = 8D9D5DFB1A48A3ED007437B6 /* LaunchScreen.xib */; };
		8D9D5E091A48A3ED007437B6 /* RichardsBar_iOSAppTests.m in Sources */ = {isa = PBXBuildFile; fileRef = 8D9D5E081A48A3ED007437B6 /* RichardsBar_iOSAppTests.m */; };
		8DDB2CE61A51DF0800B1317B /* settings@2x.png in Resources */ = {isa = PBXBuildFile; fileRef = 8DDB2CE51A51DF0800B1317B /* settings@2x.png */; };
		8DDB2CE91A51E32E00B1317B /* DefaultAppearanceViewController.m in Sources */ = {isa = PBXBuildFile; fileRef = 8DDB2CE81A51E32E00B1317B /* DefaultAppearanceViewController.m */; };
		8DDB2CEC1A51EA2900B1317B /* Utilities.m in Sources */ = {isa = PBXBuildFile; fileRef = 8DDB2CEB1A51EA2900B1317B /* Utilities.m */; };
		8DDB2CEF1A51FC0F00B1317B /* JukeboxViewController.m in Sources */ = {isa = PBXBuildFile; fileRef = 8DDB2CEE1A51FC0F00B1317B /* JukeboxViewController.m */; };
		8DDB2CF51A53469A00B1317B /* JukeboxListing.json in Resources */ = {isa = PBXBuildFile; fileRef = 8DDB2CF41A53469A00B1317B /* JukeboxListing.json */; };
		8DDB2CF81A570DF100B1317B /* JukeboxContent.m in Sources */ = {isa = PBXBuildFile; fileRef = 8DDB2CF71A570DF100B1317B /* JukeboxContent.m */; };
/* End PBXBuildFile section */

/* Begin PBXContainerItemProxy section */
		8D9D5E031A48A3ED007437B6 /* PBXContainerItemProxy */ = {
			isa = PBXContainerItemProxy;
			containerPortal = 8D9D5DE11A48A3ED007437B6 /* Project object */;
			proxyType = 1;
			remoteGlobalIDString = 8D9D5DE81A48A3ED007437B6;
			remoteInfo = RichardsBar_iOSApp;
		};
/* End PBXContainerItemProxy section */

/* Begin PBXFileReference section */
		19FE449B7DE49B6B9E064A78 /* libPods.a */ = {isa = PBXFileReference; explicitFileType = archive.ar; includeInIndex = 0; path = libPods.a; sourceTree = BUILT_PRODUCTS_DIR; };
		710FBD4D1624C319E270BC2B /* Pods.debug.xcconfig */ = {isa = PBXFileReference; includeInIndex = 1; lastKnownFileType = text.xcconfig; name = Pods.debug.xcconfig; path = "Pods/Target Support Files/Pods/Pods.debug.xcconfig"; sourceTree = "<group>"; };
		851775201A4B37A600FC124B /* NavigationControllerSubClass.h */ = {isa = PBXFileReference; fileEncoding = 4; lastKnownFileType = sourcecode.c.h; path = NavigationControllerSubClass.h; sourceTree = "<group>"; };
		851775211A4B37A600FC124B /* NavigationControllerSubClass.m */ = {isa = PBXFileReference; fileEncoding = 4; lastKnownFileType = sourcecode.c.objc; path = NavigationControllerSubClass.m; sourceTree = "<group>"; };
		851775231A4B3D4700FC124B /* MyPlaylistsViewController.h */ = {isa = PBXFileReference; fileEncoding = 4; lastKnownFileType = sourcecode.c.h; path = MyPlaylistsViewController.h; sourceTree = "<group>"; };
		851775241A4B3D4700FC124B /* MyPlaylistsViewController.m */ = {isa = PBXFileReference; fileEncoding = 4; lastKnownFileType = sourcecode.c.objc; path = MyPlaylistsViewController.m; sourceTree = "<group>"; };
		853AF4531A4A2E4B003A5A33 /* IDSongToolBar.h */ = {isa = PBXFileReference; fileEncoding = 4; lastKnownFileType = sourcecode.c.h; path = IDSongToolBar.h; sourceTree = "<group>"; };
		853AF4541A4A2E4B003A5A33 /* IDSongToolBar.m */ = {isa = PBXFileReference; fileEncoding = 4; lastKnownFileType = sourcecode.c.objc; path = IDSongToolBar.m; sourceTree = "<group>"; };
		85C2B46A1A4D8421005273A0 /* IDSongResult.h */ = {isa = PBXFileReference; fileEncoding = 4; lastKnownFileType = sourcecode.c.h; path = IDSongResult.h; sourceTree = "<group>"; };
		85C2B46B1A4D8421005273A0 /* IDSongResult.m */ = {isa = PBXFileReference; fileEncoding = 4; lastKnownFileType = sourcecode.c.objc; path = IDSongResult.m; sourceTree = "<group>"; };
		85C2B4721A5067AA005273A0 /* SmokeShape.png */ = {isa = PBXFileReference; lastKnownFileType = image.png; name = SmokeShape.png; path = images/SmokeShape.png; sourceTree = SOURCE_ROOT; };
		85C2B4751A5067D1005273A0 /* NSData+Base64.h */ = {isa = PBXFileReference; fileEncoding = 4; lastKnownFileType = sourcecode.c.h; path = "NSData+Base64.h"; sourceTree = "<group>"; };
		85C2B4761A5067D1005273A0 /* NSData+Base64.m */ = {isa = PBXFileReference; fileEncoding = 4; lastKnownFileType = sourcecode.c.objc; path = "NSData+Base64.m"; sourceTree = "<group>"; };
		85C2B4771A5067D1005273A0 /* UIEffectDesignerView.h */ = {isa = PBXFileReference; fileEncoding = 4; lastKnownFileType = sourcecode.c.h; path = UIEffectDesignerView.h; sourceTree = "<group>"; };
		85C2B4781A5067D1005273A0 /* UIEffectDesignerView.m */ = {isa = PBXFileReference; fileEncoding = 4; lastKnownFileType = sourcecode.c.objc; path = UIEffectDesignerView.m; sourceTree = "<group>"; };
		85C2B47B1A50686E005273A0 /* smoke.ped */ = {isa = PBXFileReference; fileEncoding = 4; lastKnownFileType = text; path = smoke.ped; sourceTree = SOURCE_ROOT; };
		85C2B47D1A526265005273A0 /* SettingsViewController.h */ = {isa = PBXFileReference; fileEncoding = 4; lastKnownFileType = sourcecode.c.h; path = SettingsViewController.h; sourceTree = "<group>"; };
		85C2B47E1A526265005273A0 /* SettingsViewController.m */ = {isa = PBXFileReference; fileEncoding = 4; lastKnownFileType = sourcecode.c.objc; path = SettingsViewController.m; sourceTree = "<group>"; };
		85D477C91A586670002A28B5 /* disc.h */ = {isa = PBXFileReference; fileEncoding = 4; lastKnownFileType = sourcecode.c.h; path = disc.h; sourceTree = "<group>"; };
		85D477CA1A586670002A28B5 /* disc.m */ = {isa = PBXFileReference; fileEncoding = 4; lastKnownFileType = sourcecode.c.objc; path = disc.m; sourceTree = "<group>"; };
		85D477CC1A5866ED002A28B5 /* track.h */ = {isa = PBXFileReference; fileEncoding = 4; lastKnownFileType = sourcecode.c.h; path = track.h; sourceTree = "<group>"; };
		85D477CD1A5866ED002A28B5 /* track.m */ = {isa = PBXFileReference; fileEncoding = 4; lastKnownFileType = sourcecode.c.objc; path = track.m; sourceTree = "<group>"; };
		85D477CF1A599FF6002A28B5 /* JukeboxTrackCell.h */ = {isa = PBXFileReference; fileEncoding = 4; lastKnownFileType = sourcecode.c.h; path = JukeboxTrackCell.h; sourceTree = "<group>"; };
		85D477D01A599FF6002A28B5 /* JukeboxTrackCell.m */ = {isa = PBXFileReference; fileEncoding = 4; lastKnownFileType = sourcecode.c.objc; path = JukeboxTrackCell.m; sourceTree = "<group>"; };
		8D4D70A01A5ADDFB000356A5 /* JukeboxPrototypeCell.xib */ = {isa = PBXFileReference; fileEncoding = 4; lastKnownFileType = file.xib; path = JukeboxPrototypeCell.xib; sourceTree = "<group>"; };
		8D4D70A21A5AE4E6000356A5 /* 0101.jpg */ = {isa = PBXFileReference; lastKnownFileType = image.jpeg; path = 0101.jpg; sourceTree = "<group>"; };
		8D4D70A51A5AEA7F000356A5 /* 0102.jpg */ = {isa = PBXFileReference; lastKnownFileType = image.jpeg; path = 0102.jpg; sourceTree = "<group>"; };
		8D4D70A71A5AEB13000356A5 /* 0103.jpg */ = {isa = PBXFileReference; lastKnownFileType = image.jpeg; path = 0103.jpg; sourceTree = "<group>"; };
		8D4D70A91A5B0FE4000356A5 /* 0201.jpg */ = {isa = PBXFileReference; lastKnownFileType = image.jpeg; path = 0201.jpg; sourceTree = "<group>"; };
		8D4D70AB1A5B1047000356A5 /* 0301.jpg */ = {isa = PBXFileReference; lastKnownFileType = image.jpeg; path = 0301.jpg; sourceTree = "<group>"; };
		8D4D70AD1A5B49C4000356A5 /* SongInfo.h */ = {isa = PBXFileReference; fileEncoding = 4; lastKnownFileType = sourcecode.c.h; path = SongInfo.h; sourceTree = "<group>"; };
		8D4D70AE1A5B49C4000356A5 /* SongInfo.m */ = {isa = PBXFileReference; fileEncoding = 4; lastKnownFileType = sourcecode.c.objc; path = SongInfo.m; sourceTree = "<group>"; };
		8D4D70B31A5C2F28000356A5 /* 0301lrg.jpg */ = {isa = PBXFileReference; lastKnownFileType = image.jpeg; path = 0301lrg.jpg; sourceTree = "<group>"; };
		8D4D70BD1A5C7360000356A5 /* JukeboxDiscPickerView.h */ = {isa = PBXFileReference; fileEncoding = 4; lastKnownFileType = sourcecode.c.h; path = JukeboxDiscPickerView.h; sourceTree = "<group>"; };
		8D4D70BE1A5C7360000356A5 /* JukeboxDiscPickerView.m */ = {isa = PBXFileReference; fileEncoding = 4; lastKnownFileType = sourcecode.c.objc; path = JukeboxDiscPickerView.m; sourceTree = "<group>"; };
		8D67C2951A48AFE400BB6835 /* richards-bar.jpg */ = {isa = PBXFileReference; lastKnownFileType = image.jpeg; name = "richards-bar.jpg"; path = "images/richards-bar.jpg"; sourceTree = SOURCE_ROOT; };
		8D67C2971A48B26300BB6835 /* podfile */ = {isa = PBXFileReference; fileEncoding = 4; lastKnownFileType = text; path = podfile; sourceTree = "<group>"; };
		8D67C2991A48B51B00BB6835 /* libsqlite3.dylib */ = {isa = PBXFileReference; lastKnownFileType = "compiled.mach-o.dylib"; name = libsqlite3.dylib; path = usr/lib/libsqlite3.dylib; sourceTree = SDKROOT; };
		8D67C29B1A48B52000BB6835 /* CoreImage.framework */ = {isa = PBXFileReference; lastKnownFileType = wrapper.framework; name = CoreImage.framework; path = System/Library/Frameworks/CoreImage.framework; sourceTree = SDKROOT; };
		8D67C29D1A48B52800BB6835 /* MapKit.framework */ = {isa = PBXFileReference; lastKnownFileType = wrapper.framework; name = MapKit.framework; path = System/Library/Frameworks/MapKit.framework; sourceTree = SDKROOT; };
		8D67C2A51A48CB0E00BB6835 /* MPAnimation.h */ = {isa = PBXFileReference; fileEncoding = 4; lastKnownFileType = sourcecode.c.h; path = MPAnimation.h; sourceTree = "<group>"; };
		8D67C2A61A48CB0E00BB6835 /* MPAnimation.m */ = {isa = PBXFileReference; fileEncoding = 4; lastKnownFileType = sourcecode.c.objc; path = MPAnimation.m; sourceTree = "<group>"; };
		8D67C2A71A48CB0E00BB6835 /* MPFlipEnumerations.h */ = {isa = PBXFileReference; fileEncoding = 4; lastKnownFileType = sourcecode.c.h; path = MPFlipEnumerations.h; sourceTree = "<group>"; };
		8D67C2A81A48CB0E00BB6835 /* MPFlipTransition.h */ = {isa = PBXFileReference; fileEncoding = 4; lastKnownFileType = sourcecode.c.h; path = MPFlipTransition.h; sourceTree = "<group>"; };
		8D67C2A91A48CB0E00BB6835 /* MPFlipTransition.m */ = {isa = PBXFileReference; fileEncoding = 4; lastKnownFileType = sourcecode.c.objc; path = MPFlipTransition.m; sourceTree = "<group>"; };
		8D67C2AA1A48CB0E00BB6835 /* MPFoldEnumerations.h */ = {isa = PBXFileReference; fileEncoding = 4; lastKnownFileType = sourcecode.c.h; path = MPFoldEnumerations.h; sourceTree = "<group>"; };
		8D67C2AB1A48CB0E00BB6835 /* MPFoldTransition.h */ = {isa = PBXFileReference; fileEncoding = 4; lastKnownFileType = sourcecode.c.h; path = MPFoldTransition.h; sourceTree = "<group>"; };
		8D67C2AC1A48CB0E00BB6835 /* MPFoldTransition.m */ = {isa = PBXFileReference; fileEncoding = 4; lastKnownFileType = sourcecode.c.objc; path = MPFoldTransition.m; sourceTree = "<group>"; };
		8D67C2AD1A48CB0E00BB6835 /* MPTransition.h */ = {isa = PBXFileReference; fileEncoding = 4; lastKnownFileType = sourcecode.c.h; path = MPTransition.h; sourceTree = "<group>"; };
		8D67C2AE1A48CB0E00BB6835 /* MPTransition.m */ = {isa = PBXFileReference; fileEncoding = 4; lastKnownFileType = sourcecode.c.objc; path = MPTransition.m; sourceTree = "<group>"; };
		8D67C2AF1A48CB0E00BB6835 /* MPTransitionEnumerations.h */ = {isa = PBXFileReference; fileEncoding = 4; lastKnownFileType = sourcecode.c.h; path = MPTransitionEnumerations.h; sourceTree = "<group>"; };
		8D67C2B11A48CB0E00BB6835 /* MPFlipSegue.h */ = {isa = PBXFileReference; fileEncoding = 4; lastKnownFileType = sourcecode.c.h; path = MPFlipSegue.h; sourceTree = "<group>"; };
		8D67C2B21A48CB0E00BB6835 /* MPFlipSegue.m */ = {isa = PBXFileReference; fileEncoding = 4; lastKnownFileType = sourcecode.c.objc; path = MPFlipSegue.m; sourceTree = "<group>"; };
		8D67C2B31A48CB0E00BB6835 /* MPFoldModalSegue.h */ = {isa = PBXFileReference; fileEncoding = 4; lastKnownFileType = sourcecode.c.h; path = MPFoldModalSegue.h; sourceTree = "<group>"; };
		8D67C2B41A48CB0E00BB6835 /* MPFoldModalSegue.m */ = {isa = PBXFileReference; fileEncoding = 4; lastKnownFileType = sourcecode.c.objc; path = MPFoldModalSegue.m; sourceTree = "<group>"; };
		8D67C2B51A48CB0E00BB6835 /* MPFoldNavPopSegue.h */ = {isa = PBXFileReference; fileEncoding = 4; lastKnownFileType = sourcecode.c.h; path = MPFoldNavPopSegue.h; sourceTree = "<group>"; };
		8D67C2B61A48CB0E00BB6835 /* MPFoldNavPopSegue.m */ = {isa = PBXFileReference; fileEncoding = 4; lastKnownFileType = sourcecode.c.objc; path = MPFoldNavPopSegue.m; sourceTree = "<group>"; };
		8D67C2B71A48CB0E00BB6835 /* MPFoldNavPushSegue.h */ = {isa = PBXFileReference; fileEncoding = 4; lastKnownFileType = sourcecode.c.h; path = MPFoldNavPushSegue.h; sourceTree = "<group>"; };
		8D67C2B81A48CB0E00BB6835 /* MPFoldNavPushSegue.m */ = {isa = PBXFileReference; fileEncoding = 4; lastKnownFileType = sourcecode.c.objc; path = MPFoldNavPushSegue.m; sourceTree = "<group>"; };
		8D67C2B91A48CB0E00BB6835 /* MPFoldSegue.h */ = {isa = PBXFileReference; fileEncoding = 4; lastKnownFileType = sourcecode.c.h; path = MPFoldSegue.h; sourceTree = "<group>"; };
		8D67C2BA1A48CB0E00BB6835 /* MPFoldSegue.m */ = {isa = PBXFileReference; fileEncoding = 4; lastKnownFileType = sourcecode.c.objc; path = MPFoldSegue.m; sourceTree = "<group>"; };
		8D67C31B1A48CB7F00BB6835 /* UIKit.framework */ = {isa = PBXFileReference; lastKnownFileType = wrapper.framework; name = UIKit.framework; path = System/Library/Frameworks/UIKit.framework; sourceTree = SDKROOT; };
		8D67C31D1A48CB9000BB6835 /* Foundation.framework */ = {isa = PBXFileReference; lastKnownFileType = wrapper.framework; name = Foundation.framework; path = System/Library/Frameworks/Foundation.framework; sourceTree = SDKROOT; };
		8D67C31F1A48CB9C00BB6835 /* CoreGraphics.framework */ = {isa = PBXFileReference; lastKnownFileType = wrapper.framework; name = CoreGraphics.framework; path = System/Library/Frameworks/CoreGraphics.framework; sourceTree = SDKROOT; };
		8D67C3211A48CBA400BB6835 /* QuartzCore.framework */ = {isa = PBXFileReference; lastKnownFileType = wrapper.framework; name = QuartzCore.framework; path = System/Library/Frameworks/QuartzCore.framework; sourceTree = SDKROOT; };
		8D67C3231A48CCE500BB6835 /* audiowave@2x.png */ = {isa = PBXFileReference; lastKnownFileType = image.png; name = "audiowave@2x.png"; path = "images/audiowave@2x.png"; sourceTree = SOURCE_ROOT; };
		8D67C3251A48CF4800BB6835 /* StartScreenViewController.h */ = {isa = PBXFileReference; fileEncoding = 4; lastKnownFileType = sourcecode.c.h; path = StartScreenViewController.h; sourceTree = "<group>"; };
		8D67C3261A48CF4800BB6835 /* StartScreenViewController.m */ = {isa = PBXFileReference; fileEncoding = 4; lastKnownFileType = sourcecode.c.objc; path = StartScreenViewController.m; sourceTree = "<group>"; };
		8D67C3281A48D07100BB6835 /* IDSongButton.h */ = {isa = PBXFileReference; fileEncoding = 4; lastKnownFileType = sourcecode.c.h; path = IDSongButton.h; sourceTree = "<group>"; };
		8D67C3291A48D07100BB6835 /* IDSongButton.m */ = {isa = PBXFileReference; fileEncoding = 4; lastKnownFileType = sourcecode.c.objc; path = IDSongButton.m; sourceTree = "<group>"; };
		8D9D5DE91A48A3ED007437B6 /* RichardsBar_iOSApp.app */ = {isa = PBXFileReference; explicitFileType = wrapper.application; includeInIndex = 0; path = RichardsBar_iOSApp.app; sourceTree = BUILT_PRODUCTS_DIR; };
		8D9D5DED1A48A3ED007437B6 /* Info.plist */ = {isa = PBXFileReference; lastKnownFileType = text.plist.xml; path = Info.plist; sourceTree = "<group>"; };
		8D9D5DEE1A48A3ED007437B6 /* main.m */ = {isa = PBXFileReference; lastKnownFileType = sourcecode.c.objc; path = main.m; sourceTree = "<group>"; };
		8D9D5DF01A48A3ED007437B6 /* AppDelegate.h */ = {isa = PBXFileReference; lastKnownFileType = sourcecode.c.h; path = AppDelegate.h; sourceTree = "<group>"; };
		8D9D5DF11A48A3ED007437B6 /* AppDelegate.m */ = {isa = PBXFileReference; lastKnownFileType = sourcecode.c.objc; path = AppDelegate.m; sourceTree = "<group>"; };
		8D9D5DF31A48A3ED007437B6 /* ViewController.h */ = {isa = PBXFileReference; lastKnownFileType = sourcecode.c.h; path = ViewController.h; sourceTree = "<group>"; };
		8D9D5DF41A48A3ED007437B6 /* ViewController.m */ = {isa = PBXFileReference; lastKnownFileType = sourcecode.c.objc; path = ViewController.m; sourceTree = "<group>"; };
		8D9D5DF71A48A3ED007437B6 /* Base */ = {isa = PBXFileReference; lastKnownFileType = file.storyboard; name = Base; path = Base.lproj/Main.storyboard; sourceTree = "<group>"; };
		8D9D5DF91A48A3ED007437B6 /* Images.xcassets */ = {isa = PBXFileReference; lastKnownFileType = folder.assetcatalog; path = Images.xcassets; sourceTree = "<group>"; };
		8D9D5DFC1A48A3ED007437B6 /* Base */ = {isa = PBXFileReference; lastKnownFileType = file.xib; name = Base; path = Base.lproj/LaunchScreen.xib; sourceTree = "<group>"; };
		8D9D5E021A48A3ED007437B6 /* RichardsBar_iOSAppTests.xctest */ = {isa = PBXFileReference; explicitFileType = wrapper.cfbundle; includeInIndex = 0; path = RichardsBar_iOSAppTests.xctest; sourceTree = BUILT_PRODUCTS_DIR; };
		8D9D5E071A48A3ED007437B6 /* Info.plist */ = {isa = PBXFileReference; lastKnownFileType = text.plist.xml; path = Info.plist; sourceTree = "<group>"; };
		8D9D5E081A48A3ED007437B6 /* RichardsBar_iOSAppTests.m */ = {isa = PBXFileReference; lastKnownFileType = sourcecode.c.objc; path = RichardsBar_iOSAppTests.m; sourceTree = "<group>"; };
		8DDB2CE51A51DF0800B1317B /* settings@2x.png */ = {isa = PBXFileReference; lastKnownFileType = image.png; name = "settings@2x.png"; path = "images/settings@2x.png"; sourceTree = SOURCE_ROOT; };
		8DDB2CE71A51E32E00B1317B /* DefaultAppearanceViewController.h */ = {isa = PBXFileReference; fileEncoding = 4; lastKnownFileType = sourcecode.c.h; path = DefaultAppearanceViewController.h; sourceTree = "<group>"; };
		8DDB2CE81A51E32E00B1317B /* DefaultAppearanceViewController.m */ = {isa = PBXFileReference; fileEncoding = 4; lastKnownFileType = sourcecode.c.objc; path = DefaultAppearanceViewController.m; sourceTree = "<group>"; };
		8DDB2CEA1A51EA2900B1317B /* Utilities.h */ = {isa = PBXFileReference; fileEncoding = 4; lastKnownFileType = sourcecode.c.h; path = Utilities.h; sourceTree = "<group>"; };
		8DDB2CEB1A51EA2900B1317B /* Utilities.m */ = {isa = PBXFileReference; fileEncoding = 4; lastKnownFileType = sourcecode.c.objc; path = Utilities.m; sourceTree = "<group>"; };
		8DDB2CED1A51FC0F00B1317B /* JukeboxViewController.h */ = {isa = PBXFileReference; fileEncoding = 4; lastKnownFileType = sourcecode.c.h; path = JukeboxViewController.h; sourceTree = "<group>"; };
		8DDB2CEE1A51FC0F00B1317B /* JukeboxViewController.m */ = {isa = PBXFileReference; fileEncoding = 4; lastKnownFileType = sourcecode.c.objc; path = JukeboxViewController.m; sourceTree = "<group>"; };
		8DDB2CF41A53469A00B1317B /* JukeboxListing.json */ = {isa = PBXFileReference; fileEncoding = 4; lastKnownFileType = text.json; path = JukeboxListing.json; sourceTree = "<group>"; };
		8DDB2CF61A570DF100B1317B /* JukeboxContent.h */ = {isa = PBXFileReference; fileEncoding = 4; lastKnownFileType = sourcecode.c.h; path = JukeboxContent.h; sourceTree = "<group>"; };
		8DDB2CF71A570DF100B1317B /* JukeboxContent.m */ = {isa = PBXFileReference; fileEncoding = 4; lastKnownFileType = sourcecode.c.objc; path = JukeboxContent.m; sourceTree = "<group>"; };
		ADA8A63F77827A32619E3D6B /* Pods.release.xcconfig */ = {isa = PBXFileReference; includeInIndex = 1; lastKnownFileType = text.xcconfig; name = Pods.release.xcconfig; path = "Pods/Target Support Files/Pods/Pods.release.xcconfig"; sourceTree = "<group>"; };
/* End PBXFileReference section */

/* Begin PBXFrameworksBuildPhase section */
		8D9D5DE61A48A3ED007437B6 /* Frameworks */ = {
			isa = PBXFrameworksBuildPhase;
			buildActionMask = 2147483647;
			files = (
				8D67C3221A48CBA400BB6835 /* QuartzCore.framework in Frameworks */,
				8D67C3201A48CB9C00BB6835 /* CoreGraphics.framework in Frameworks */,
				8D67C31E1A48CB9000BB6835 /* Foundation.framework in Frameworks */,
				8D67C31C1A48CB7F00BB6835 /* UIKit.framework in Frameworks */,
				8D67C29E1A48B52800BB6835 /* MapKit.framework in Frameworks */,
				8D67C29C1A48B52000BB6835 /* CoreImage.framework in Frameworks */,
				8D67C29A1A48B51B00BB6835 /* libsqlite3.dylib in Frameworks */,
				4E5F45B8151EC9C5BA57C1EB /* libPods.a in Frameworks */,
			);
			runOnlyForDeploymentPostprocessing = 0;
		};
		8D9D5DFF1A48A3ED007437B6 /* Frameworks */ = {
			isa = PBXFrameworksBuildPhase;
			buildActionMask = 2147483647;
			files = (
			);
			runOnlyForDeploymentPostprocessing = 0;
		};
/* End PBXFrameworksBuildPhase section */

/* Begin PBXGroup section */
		51C173990F9E7BA13230ED79 /* Pods */ = {
			isa = PBXGroup;
			children = (
				710FBD4D1624C319E270BC2B /* Pods.debug.xcconfig */,
				ADA8A63F77827A32619E3D6B /* Pods.release.xcconfig */,
			);
			name = Pods;
			sourceTree = "<group>";
		};
		85C2B4741A5067D1005273A0 /* UIEffectDesignerView */ = {
			isa = PBXGroup;
			children = (
				85C2B4751A5067D1005273A0 /* NSData+Base64.h */,
				85C2B4761A5067D1005273A0 /* NSData+Base64.m */,
				85C2B4771A5067D1005273A0 /* UIEffectDesignerView.h */,
				85C2B4781A5067D1005273A0 /* UIEffectDesignerView.m */,
			);
			name = UIEffectDesignerView;
			path = Libraries/UIEffectDesignerView;
			sourceTree = SOURCE_ROOT;
		};
		85D477C81A586640002A28B5 /* jukebox */ = {
			isa = PBXGroup;
			children = (
				8D4D70BD1A5C7360000356A5 /* JukeboxDiscPickerView.h */,
				8D4D70BE1A5C7360000356A5 /* JukeboxDiscPickerView.m */,
				8DDB2CF61A570DF100B1317B /* JukeboxContent.h */,
				8DDB2CF71A570DF100B1317B /* JukeboxContent.m */,
				85D477C91A586670002A28B5 /* disc.h */,
				85D477CA1A586670002A28B5 /* disc.m */,
				85D477CC1A5866ED002A28B5 /* track.h */,
				85D477CD1A5866ED002A28B5 /* track.m */,
				85D477CF1A599FF6002A28B5 /* JukeboxTrackCell.h */,
				85D477D01A599FF6002A28B5 /* JukeboxTrackCell.m */,
			);
			name = jukebox;
			sourceTree = "<group>";
		};
		8D4D709A1A5ADCD0000356A5 /* albumImages */ = {
			isa = PBXGroup;
			children = (
				8D4D70B01A5C2EBF000356A5 /* songDetail */,
				8D4D70A41A5AEA64000356A5 /* 100x100 */,
			);
			name = albumImages;
			sourceTree = "<group>";
		};
		8D4D709B1A5ADCE0000356A5 /* buttonImages */ = {
			isa = PBXGroup;
			children = (
				8D67C3231A48CCE500BB6835 /* audiowave@2x.png */,
				8DDB2CE51A51DF0800B1317B /* settings@2x.png */,
			);
			name = buttonImages;
			sourceTree = "<group>";
		};
		8D4D709C1A5ADD04000356A5 /* vfx */ = {
			isa = PBXGroup;
			children = (
				85C2B4721A5067AA005273A0 /* SmokeShape.png */,
			);
			name = vfx;
			sourceTree = "<group>";
		};
		8D4D709E1A5ADDA6000356A5 /* storyboards */ = {
			isa = PBXGroup;
			children = (
				8D9D5DF61A48A3ED007437B6 /* Main.storyboard */,
				8D9D5DFB1A48A3ED007437B6 /* LaunchScreen.xib */,
			);
			name = storyboards;
			sourceTree = "<group>";
		};
		8D4D709F1A5ADDB9000356A5 /* customObjects */ = {
			isa = PBXGroup;
			children = (
				8D4D70A01A5ADDFB000356A5 /* JukeboxPrototypeCell.xib */,
			);
			name = customObjects;
			sourceTree = "<group>";
		};
		8D4D70A41A5AEA64000356A5 /* 100x100 */ = {
			isa = PBXGroup;
			children = (
				8D4D70AB1A5B1047000356A5 /* 0301.jpg */,
				8D4D70A91A5B0FE4000356A5 /* 0201.jpg */,
				8D4D70A71A5AEB13000356A5 /* 0103.jpg */,
				8D4D70A51A5AEA7F000356A5 /* 0102.jpg */,
				8D4D70A21A5AE4E6000356A5 /* 0101.jpg */,
			);
			name = 100x100;
			sourceTree = "<group>";
		};
		8D4D70B01A5C2EBF000356A5 /* songDetail */ = {
			isa = PBXGroup;
			children = (
				8D4D70B31A5C2F28000356A5 /* 0301lrg.jpg */,
			);
			name = songDetail;
			sourceTree = "<group>";
		};
		8D67C2941A48AFCA00BB6835 /* launchscreen */ = {
			isa = PBXGroup;
			children = (
				8D67C2951A48AFE400BB6835 /* richards-bar.jpg */,
			);
			name = launchscreen;
			sourceTree = "<group>";
		};
		8D67C29F1A48B95B00BB6835 /* customClasses */ = {
			isa = PBXGroup;
			children = (
				8D67C2A01A48B96800BB6835 /* customObjects */,
				8D9D5E151A48A5EC007437B6 /* viewcontrollers */,
				8DDB2CEA1A51EA2900B1317B /* Utilities.h */,
				8DDB2CEB1A51EA2900B1317B /* Utilities.m */,
			);
			name = customClasses;
			sourceTree = "<group>";
		};
		8D67C2A01A48B96800BB6835 /* customObjects */ = {
			isa = PBXGroup;
			children = (
				85D477C81A586640002A28B5 /* jukebox */,
				8D67C3281A48D07100BB6835 /* IDSongButton.h */,
				8D67C3291A48D07100BB6835 /* IDSongButton.m */,
				853AF4531A4A2E4B003A5A33 /* IDSongToolBar.h */,
				853AF4541A4A2E4B003A5A33 /* IDSongToolBar.m */,
			);
			name = customObjects;
			sourceTree = "<group>";
		};
		8D67C2A11A48C88B00BB6835 /* ExternalLibs */ = {
			isa = PBXGroup;
			children = (
				85C2B4741A5067D1005273A0 /* UIEffectDesignerView */,
				8D67C2A21A48CADE00BB6835 /* MPFoldTransition */,
			);
			name = ExternalLibs;
			sourceTree = "<group>";
		};
		8D67C2A21A48CADE00BB6835 /* MPFoldTransition */ = {
			isa = PBXGroup;
			children = (
				8D67C2A41A48CB0E00BB6835 /* MPFoldTransition */,
			);
			name = MPFoldTransition;
			sourceTree = "<group>";
		};
		8D67C2A41A48CB0E00BB6835 /* MPFoldTransition */ = {
			isa = PBXGroup;
			children = (
				8D67C2A51A48CB0E00BB6835 /* MPAnimation.h */,
				8D67C2A61A48CB0E00BB6835 /* MPAnimation.m */,
				8D67C2A71A48CB0E00BB6835 /* MPFlipEnumerations.h */,
				8D67C2A81A48CB0E00BB6835 /* MPFlipTransition.h */,
				8D67C2A91A48CB0E00BB6835 /* MPFlipTransition.m */,
				8D67C2AA1A48CB0E00BB6835 /* MPFoldEnumerations.h */,
				8D67C2AB1A48CB0E00BB6835 /* MPFoldTransition.h */,
				8D67C2AC1A48CB0E00BB6835 /* MPFoldTransition.m */,
				8D67C2AD1A48CB0E00BB6835 /* MPTransition.h */,
				8D67C2AE1A48CB0E00BB6835 /* MPTransition.m */,
				8D67C2AF1A48CB0E00BB6835 /* MPTransitionEnumerations.h */,
				8D67C2B01A48CB0E00BB6835 /* Segues */,
			);
			name = MPFoldTransition;
			path = Libraries/MPFoldTransition;
			sourceTree = SOURCE_ROOT;
		};
		8D67C2B01A48CB0E00BB6835 /* Segues */ = {
			isa = PBXGroup;
			children = (
				8D67C2B11A48CB0E00BB6835 /* MPFlipSegue.h */,
				8D67C2B21A48CB0E00BB6835 /* MPFlipSegue.m */,
				8D67C2B31A48CB0E00BB6835 /* MPFoldModalSegue.h */,
				8D67C2B41A48CB0E00BB6835 /* MPFoldModalSegue.m */,
				8D67C2B51A48CB0E00BB6835 /* MPFoldNavPopSegue.h */,
				8D67C2B61A48CB0E00BB6835 /* MPFoldNavPopSegue.m */,
				8D67C2B71A48CB0E00BB6835 /* MPFoldNavPushSegue.h */,
				8D67C2B81A48CB0E00BB6835 /* MPFoldNavPushSegue.m */,
				8D67C2B91A48CB0E00BB6835 /* MPFoldSegue.h */,
				8D67C2BA1A48CB0E00BB6835 /* MPFoldSegue.m */,
			);
			path = Segues;
			sourceTree = "<group>";
		};
		8D9D5DE01A48A3ED007437B6 = {
			isa = PBXGroup;
			children = (
				8D67C2971A48B26300BB6835 /* podfile */,
				8D9D5DEB1A48A3ED007437B6 /* RichardsBar_iOSApp */,
				8D9D5E051A48A3ED007437B6 /* RichardsBar_iOSAppTests */,
				8D9D5DEA1A48A3ED007437B6 /* Products */,
				51C173990F9E7BA13230ED79 /* Pods */,
				F603768498E9AABB1E207DC7 /* Frameworks */,
			);
			sourceTree = "<group>";
		};
		8D9D5DEA1A48A3ED007437B6 /* Products */ = {
			isa = PBXGroup;
			children = (
				8D9D5DE91A48A3ED007437B6 /* RichardsBar_iOSApp.app */,
				8D9D5E021A48A3ED007437B6 /* RichardsBar_iOSAppTests.xctest */,
			);
			name = Products;
			sourceTree = "<group>";
		};
		8D9D5DEB1A48A3ED007437B6 /* RichardsBar_iOSApp */ = {
			isa = PBXGroup;
			children = (
				8D67C2A11A48C88B00BB6835 /* ExternalLibs */,
				8D67C29F1A48B95B00BB6835 /* customClasses */,
				8D9D5E141A48A5CF007437B6 /* assets */,
				8D9D5E131A48A5BB007437B6 /* xibs */,
				8D9D5DEC1A48A3ED007437B6 /* Supporting Files */,
			);
			path = RichardsBar_iOSApp;
			sourceTree = "<group>";
		};
		8D9D5DEC1A48A3ED007437B6 /* Supporting Files */ = {
			isa = PBXGroup;
			children = (
				85C2B47B1A50686E005273A0 /* smoke.ped */,
				8D9D5DF01A48A3ED007437B6 /* AppDelegate.h */,
				8D9D5DF11A48A3ED007437B6 /* AppDelegate.m */,
				8D9D5DED1A48A3ED007437B6 /* Info.plist */,
				8D9D5DEE1A48A3ED007437B6 /* main.m */,
				8DDB2CF41A53469A00B1317B /* JukeboxListing.json */,
			);
			name = "Supporting Files";
			sourceTree = "<group>";
		};
		8D9D5E051A48A3ED007437B6 /* RichardsBar_iOSAppTests */ = {
			isa = PBXGroup;
			children = (
				8D9D5E081A48A3ED007437B6 /* RichardsBar_iOSAppTests.m */,
				8D9D5E061A48A3ED007437B6 /* Supporting Files */,
			);
			path = RichardsBar_iOSAppTests;
			sourceTree = "<group>";
		};
		8D9D5E061A48A3ED007437B6 /* Supporting Files */ = {
			isa = PBXGroup;
			children = (
				8D9D5E071A48A3ED007437B6 /* Info.plist */,
			);
			name = "Supporting Files";
			sourceTree = "<group>";
		};
		8D9D5E121A48A5B1007437B6 /* graphics */ = {
			isa = PBXGroup;
			children = (
				8D4D709C1A5ADD04000356A5 /* vfx */,
				8D4D709B1A5ADCE0000356A5 /* buttonImages */,
				8D4D709A1A5ADCD0000356A5 /* albumImages */,
				8D67C2941A48AFCA00BB6835 /* launchscreen */,
			);
			name = graphics;
			sourceTree = "<group>";
		};
		8D9D5E131A48A5BB007437B6 /* xibs */ = {
			isa = PBXGroup;
			children = (
				8D4D709F1A5ADDB9000356A5 /* customObjects */,
				8D4D709E1A5ADDA6000356A5 /* storyboards */,
			);
			name = xibs;
			sourceTree = "<group>";
		};
		8D9D5E141A48A5CF007437B6 /* assets */ = {
			isa = PBXGroup;
			children = (
				8D9D5E121A48A5B1007437B6 /* graphics */,
				8D9D5DF91A48A3ED007437B6 /* Images.xcassets */,
			);
			name = assets;
			sourceTree = "<group>";
		};
		8D9D5E151A48A5EC007437B6 /* viewcontrollers */ = {
			isa = PBXGroup;
			children = (
				8DDB2CE41A51A50500B1317B /* SubClasses */,
				8D9D5DF31A48A3ED007437B6 /* ViewController.h */,
				8D9D5DF41A48A3ED007437B6 /* ViewController.m */,
				8D67C3251A48CF4800BB6835 /* StartScreenViewController.h */,
				8D67C3261A48CF4800BB6835 /* StartScreenViewController.m */,
				851775231A4B3D4700FC124B /* MyPlaylistsViewController.h */,
				851775241A4B3D4700FC124B /* MyPlaylistsViewController.m */,
				85C2B46A1A4D8421005273A0 /* IDSongResult.h */,
				85C2B46B1A4D8421005273A0 /* IDSongResult.m */,
				8DDB2CED1A51FC0F00B1317B /* JukeboxViewController.h */,
				8DDB2CEE1A51FC0F00B1317B /* JukeboxViewController.m */,
				85C2B47D1A526265005273A0 /* SettingsViewController.h */,
				85C2B47E1A526265005273A0 /* SettingsViewController.m */,
				8D4D70AD1A5B49C4000356A5 /* SongInfo.h */,
				8D4D70AE1A5B49C4000356A5 /* SongInfo.m */,
			);
			name = viewcontrollers;
			sourceTree = "<group>";
		};
		8DDB2CE41A51A50500B1317B /* SubClasses */ = {
			isa = PBXGroup;
			children = (
				851775201A4B37A600FC124B /* NavigationControllerSubClass.h */,
				851775211A4B37A600FC124B /* NavigationControllerSubClass.m */,
				8DDB2CE71A51E32E00B1317B /* DefaultAppearanceViewController.h */,
				8DDB2CE81A51E32E00B1317B /* DefaultAppearanceViewController.m */,
			);
			name = SubClasses;
			sourceTree = "<group>";
		};
		F603768498E9AABB1E207DC7 /* Frameworks */ = {
			isa = PBXGroup;
			children = (
				8D67C3211A48CBA400BB6835 /* QuartzCore.framework */,
				8D67C31F1A48CB9C00BB6835 /* CoreGraphics.framework */,
				8D67C31D1A48CB9000BB6835 /* Foundation.framework */,
				8D67C31B1A48CB7F00BB6835 /* UIKit.framework */,
				8D67C29D1A48B52800BB6835 /* MapKit.framework */,
				8D67C29B1A48B52000BB6835 /* CoreImage.framework */,
				8D67C2991A48B51B00BB6835 /* libsqlite3.dylib */,
				19FE449B7DE49B6B9E064A78 /* libPods.a */,
			);
			name = Frameworks;
			sourceTree = "<group>";
		};
/* End PBXGroup section */

/* Begin PBXNativeTarget section */
		8D9D5DE81A48A3ED007437B6 /* RichardsBar_iOSApp */ = {
			isa = PBXNativeTarget;
			buildConfigurationList = 8D9D5E0C1A48A3ED007437B6 /* Build configuration list for PBXNativeTarget "RichardsBar_iOSApp" */;
			buildPhases = (
				5DC763016CBAB793EC204D4E /* Check Pods Manifest.lock */,
				8D9D5DE51A48A3ED007437B6 /* Sources */,
				8D9D5DE61A48A3ED007437B6 /* Frameworks */,
				8D9D5DE71A48A3ED007437B6 /* Resources */,
				EEF198D59A538947B3377DBF /* Copy Pods Resources */,
			);
			buildRules = (
			);
			dependencies = (
			);
			name = RichardsBar_iOSApp;
			productName = RichardsBar_iOSApp;
			productReference = 8D9D5DE91A48A3ED007437B6 /* RichardsBar_iOSApp.app */;
			productType = "com.apple.product-type.application";
		};
		8D9D5E011A48A3ED007437B6 /* RichardsBar_iOSAppTests */ = {
			isa = PBXNativeTarget;
			buildConfigurationList = 8D9D5E0F1A48A3ED007437B6 /* Build configuration list for PBXNativeTarget "RichardsBar_iOSAppTests" */;
			buildPhases = (
				8D9D5DFE1A48A3ED007437B6 /* Sources */,
				8D9D5DFF1A48A3ED007437B6 /* Frameworks */,
				8D9D5E001A48A3ED007437B6 /* Resources */,
			);
			buildRules = (
			);
			dependencies = (
				8D9D5E041A48A3ED007437B6 /* PBXTargetDependency */,
			);
			name = RichardsBar_iOSAppTests;
			productName = RichardsBar_iOSAppTests;
			productReference = 8D9D5E021A48A3ED007437B6 /* RichardsBar_iOSAppTests.xctest */;
			productType = "com.apple.product-type.bundle.unit-test";
		};
/* End PBXNativeTarget section */

/* Begin PBXProject section */
		8D9D5DE11A48A3ED007437B6 /* Project object */ = {
			isa = PBXProject;
			attributes = {
				LastUpgradeCheck = 0610;
				ORGANIZATIONNAME = RagingAlcoholics;
				TargetAttributes = {
					8D9D5DE81A48A3ED007437B6 = {
						CreatedOnToolsVersion = 6.1;
						DevelopmentTeam = X6FFPZVFJJ;
					};
					8D9D5E011A48A3ED007437B6 = {
						CreatedOnToolsVersion = 6.1;
						TestTargetID = 8D9D5DE81A48A3ED007437B6;
					};
				};
			};
			buildConfigurationList = 8D9D5DE41A48A3ED007437B6 /* Build configuration list for PBXProject "RichardsBar_iOSApp" */;
			compatibilityVersion = "Xcode 3.2";
			developmentRegion = English;
			hasScannedForEncodings = 0;
			knownRegions = (
				en,
				Base,
			);
			mainGroup = 8D9D5DE01A48A3ED007437B6;
			productRefGroup = 8D9D5DEA1A48A3ED007437B6 /* Products */;
			projectDirPath = "";
			projectRoot = "";
			targets = (
				8D9D5DE81A48A3ED007437B6 /* RichardsBar_iOSApp */,
				8D9D5E011A48A3ED007437B6 /* RichardsBar_iOSAppTests */,
			);
		};
/* End PBXProject section */

/* Begin PBXResourcesBuildPhase section */
		8D9D5DE71A48A3ED007437B6 /* Resources */ = {
			isa = PBXResourcesBuildPhase;
			buildActionMask = 2147483647;
			files = (
				8D9D5DF81A48A3ED007437B6 /* Main.storyboard in Resources */,
				8DDB2CF51A53469A00B1317B /* JukeboxListing.json in Resources */,
				8D4D70A61A5AEA7F000356A5 /* 0102.jpg in Resources */,
				8DDB2CE61A51DF0800B1317B /* settings@2x.png in Resources */,
				85C2B4731A5067AA005273A0 /* SmokeShape.png in Resources */,
				8D67C2961A48AFE400BB6835 /* richards-bar.jpg in Resources */,
				8D67C2981A48B26300BB6835 /* podfile in Resources */,
				8D4D70B41A5C2F28000356A5 /* 0301lrg.jpg in Resources */,
				8D4D70A81A5AEB13000356A5 /* 0103.jpg in Resources */,
				8D4D70A11A5ADDFB000356A5 /* JukeboxPrototypeCell.xib in Resources */,
				8D4D70AA1A5B0FE4000356A5 /* 0201.jpg in Resources */,
				8D67C3241A48CCE500BB6835 /* audiowave@2x.png in Resources */,
				8D4D70AC1A5B1047000356A5 /* 0301.jpg in Resources */,
				8D9D5DFD1A48A3ED007437B6 /* LaunchScreen.xib in Resources */,
				8D9D5DFA1A48A3ED007437B6 /* Images.xcassets in Resources */,
				85C2B47C1A50686E005273A0 /* smoke.ped in Resources */,
				8D4D70A31A5AE4E6000356A5 /* 0101.jpg in Resources */,
			);
			runOnlyForDeploymentPostprocessing = 0;
		};
		8D9D5E001A48A3ED007437B6 /* Resources */ = {
			isa = PBXResourcesBuildPhase;
			buildActionMask = 2147483647;
			files = (
			);
			runOnlyForDeploymentPostprocessing = 0;
		};
/* End PBXResourcesBuildPhase section */

/* Begin PBXShellScriptBuildPhase section */
		5DC763016CBAB793EC204D4E /* Check Pods Manifest.lock */ = {
			isa = PBXShellScriptBuildPhase;
			buildActionMask = 2147483647;
			files = (
			);
			inputPaths = (
			);
			name = "Check Pods Manifest.lock";
			outputPaths = (
			);
			runOnlyForDeploymentPostprocessing = 0;
			shellPath = /bin/sh;
			shellScript = "diff \"${PODS_ROOT}/../Podfile.lock\" \"${PODS_ROOT}/Manifest.lock\" > /dev/null\nif [[ $? != 0 ]] ; then\n    cat << EOM\nerror: The sandbox is not in sync with the Podfile.lock. Run 'pod install' or update your CocoaPods installation.\nEOM\n    exit 1\nfi\n";
			showEnvVarsInLog = 0;
		};
		EEF198D59A538947B3377DBF /* Copy Pods Resources */ = {
			isa = PBXShellScriptBuildPhase;
			buildActionMask = 2147483647;
			files = (
			);
			inputPaths = (
			);
			name = "Copy Pods Resources";
			outputPaths = (
			);
			runOnlyForDeploymentPostprocessing = 0;
			shellPath = /bin/sh;
			shellScript = "\"${SRCROOT}/Pods/Target Support Files/Pods/Pods-resources.sh\"\n";
			showEnvVarsInLog = 0;
		};
/* End PBXShellScriptBuildPhase section */

/* Begin PBXSourcesBuildPhase section */
		8D9D5DE51A48A3ED007437B6 /* Sources */ = {
			isa = PBXSourcesBuildPhase;
			buildActionMask = 2147483647;
			files = (
				85D477CB1A586670002A28B5 /* disc.m in Sources */,
				85C2B4791A5067D1005273A0 /* NSData+Base64.m in Sources */,
				8D9D5DF51A48A3ED007437B6 /* ViewController.m in Sources */,
				8D67C2C01A48CB0E00BB6835 /* MPFoldModalSegue.m in Sources */,
				85C2B47F1A526265005273A0 /* SettingsViewController.m in Sources */,
				8D4D70AF1A5B49C4000356A5 /* SongInfo.m in Sources */,
				85C2B46C1A4D8421005273A0 /* IDSongResult.m in Sources */,
				8D4D70BF1A5C7360000356A5 /* JukeboxDiscPickerView.m in Sources */,
				8DDB2CE91A51E32E00B1317B /* DefaultAppearanceViewController.m in Sources */,
				8D67C2BF1A48CB0E00BB6835 /* MPFlipSegue.m in Sources */,
				8DDB2CEC1A51EA2900B1317B /* Utilities.m in Sources */,
				8D67C2BE1A48CB0E00BB6835 /* MPTransition.m in Sources */,
				85D477D11A599FF6002A28B5 /* JukeboxTrackCell.m in Sources */,
				851775221A4B37A600FC124B /* NavigationControllerSubClass.m in Sources */,
				8D67C2C21A48CB0E00BB6835 /* MPFoldNavPushSegue.m in Sources */,
				85C2B47A1A5067D1005273A0 /* UIEffectDesignerView.m in Sources */,
				8DDB2CEF1A51FC0F00B1317B /* JukeboxViewController.m in Sources */,
				8D67C2BB1A48CB0E00BB6835 /* MPAnimation.m in Sources */,
				85D477CE1A5866ED002A28B5 /* track.m in Sources */,
				8D67C2BD1A48CB0E00BB6835 /* MPFoldTransition.m in Sources */,
				8D67C32A1A48D07100BB6835 /* IDSongButton.m in Sources */,
				8D9D5DF21A48A3ED007437B6 /* AppDelegate.m in Sources */,
				8D9D5DEF1A48A3ED007437B6 /* main.m in Sources */,
				8D67C2BC1A48CB0E00BB6835 /* MPFlipTransition.m in Sources */,
				8DDB2CF81A570DF100B1317B /* JukeboxContent.m in Sources */,
				853AF4551A4A2E4B003A5A33 /* IDSongToolBar.m in Sources */,
				8D67C2C11A48CB0E00BB6835 /* MPFoldNavPopSegue.m in Sources */,
				851775251A4B3D4700FC124B /* MyPlaylistsViewController.m in Sources */,
				8D67C3271A48CF4800BB6835 /* StartScreenViewController.m in Sources */,
				8D67C2C31A48CB0E00BB6835 /* MPFoldSegue.m in Sources */,
			);
			runOnlyForDeploymentPostprocessing = 0;
		};
		8D9D5DFE1A48A3ED007437B6 /* Sources */ = {
			isa = PBXSourcesBuildPhase;
			buildActionMask = 2147483647;
			files = (
				8D9D5E091A48A3ED007437B6 /* RichardsBar_iOSAppTests.m in Sources */,
			);
			runOnlyForDeploymentPostprocessing = 0;
		};
/* End PBXSourcesBuildPhase section */

/* Begin PBXTargetDependency section */
		8D9D5E041A48A3ED007437B6 /* PBXTargetDependency */ = {
			isa = PBXTargetDependency;
			target = 8D9D5DE81A48A3ED007437B6 /* RichardsBar_iOSApp */;
			targetProxy = 8D9D5E031A48A3ED007437B6 /* PBXContainerItemProxy */;
		};
/* End PBXTargetDependency section */

/* Begin PBXVariantGroup section */
		8D9D5DF61A48A3ED007437B6 /* Main.storyboard */ = {
			isa = PBXVariantGroup;
			children = (
				8D9D5DF71A48A3ED007437B6 /* Base */,
			);
			name = Main.storyboard;
			sourceTree = "<group>";
		};
		8D9D5DFB1A48A3ED007437B6 /* LaunchScreen.xib */ = {
			isa = PBXVariantGroup;
			children = (
				8D9D5DFC1A48A3ED007437B6 /* Base */,
			);
			name = LaunchScreen.xib;
			sourceTree = "<group>";
		};
/* End PBXVariantGroup section */

/* Begin XCBuildConfiguration section */
		8D9D5E0A1A48A3ED007437B6 /* Debug */ = {
			isa = XCBuildConfiguration;
			buildSettings = {
				ALWAYS_SEARCH_USER_PATHS = NO;
				CLANG_CXX_LANGUAGE_STANDARD = "gnu++0x";
				CLANG_CXX_LIBRARY = "libc++";
				CLANG_ENABLE_MODULES = YES;
				CLANG_ENABLE_OBJC_ARC = YES;
				CLANG_WARN_BOOL_CONVERSION = YES;
				CLANG_WARN_CONSTANT_CONVERSION = YES;
				CLANG_WARN_DIRECT_OBJC_ISA_USAGE = YES_ERROR;
				CLANG_WARN_EMPTY_BODY = YES;
				CLANG_WARN_ENUM_CONVERSION = YES;
				CLANG_WARN_INT_CONVERSION = YES;
				CLANG_WARN_OBJC_ROOT_CLASS = YES_ERROR;
				CLANG_WARN_UNREACHABLE_CODE = YES;
				CLANG_WARN__DUPLICATE_METHOD_MATCH = YES;
				"CODE_SIGN_IDENTITY[sdk=iphoneos*]" = "iPhone Developer";
				COPY_PHASE_STRIP = NO;
				ENABLE_STRICT_OBJC_MSGSEND = YES;
				GCC_C_LANGUAGE_STANDARD = gnu99;
				GCC_DYNAMIC_NO_PIC = NO;
				GCC_OPTIMIZATION_LEVEL = 0;
				GCC_PREPROCESSOR_DEFINITIONS = (
					"DEBUG=1",
					"$(inherited)",
				);
				GCC_SYMBOLS_PRIVATE_EXTERN = NO;
				GCC_WARN_64_TO_32_BIT_CONVERSION = YES;
				GCC_WARN_ABOUT_RETURN_TYPE = YES_ERROR;
				GCC_WARN_UNDECLARED_SELECTOR = YES;
				GCC_WARN_UNINITIALIZED_AUTOS = YES_AGGRESSIVE;
				GCC_WARN_UNUSED_FUNCTION = YES;
				GCC_WARN_UNUSED_VARIABLE = YES;
				IPHONEOS_DEPLOYMENT_TARGET = 8.1;
				MTL_ENABLE_DEBUG_INFO = YES;
				ONLY_ACTIVE_ARCH = YES;
				SDKROOT = iphoneos;
			};
			name = Debug;
		};
		8D9D5E0B1A48A3ED007437B6 /* Release */ = {
			isa = XCBuildConfiguration;
			buildSettings = {
				ALWAYS_SEARCH_USER_PATHS = NO;
				CLANG_CXX_LANGUAGE_STANDARD = "gnu++0x";
				CLANG_CXX_LIBRARY = "libc++";
				CLANG_ENABLE_MODULES = YES;
				CLANG_ENABLE_OBJC_ARC = YES;
				CLANG_WARN_BOOL_CONVERSION = YES;
				CLANG_WARN_CONSTANT_CONVERSION = YES;
				CLANG_WARN_DIRECT_OBJC_ISA_USAGE = YES_ERROR;
				CLANG_WARN_EMPTY_BODY = YES;
				CLANG_WARN_ENUM_CONVERSION = YES;
				CLANG_WARN_INT_CONVERSION = YES;
				CLANG_WARN_OBJC_ROOT_CLASS = YES_ERROR;
				CLANG_WARN_UNREACHABLE_CODE = YES;
				CLANG_WARN__DUPLICATE_METHOD_MATCH = YES;
				"CODE_SIGN_IDENTITY[sdk=iphoneos*]" = "iPhone Developer";
				COPY_PHASE_STRIP = YES;
				ENABLE_NS_ASSERTIONS = NO;
				ENABLE_STRICT_OBJC_MSGSEND = YES;
				GCC_C_LANGUAGE_STANDARD = gnu99;
				GCC_WARN_64_TO_32_BIT_CONVERSION = YES;
				GCC_WARN_ABOUT_RETURN_TYPE = YES_ERROR;
				GCC_WARN_UNDECLARED_SELECTOR = YES;
				GCC_WARN_UNINITIALIZED_AUTOS = YES_AGGRESSIVE;
				GCC_WARN_UNUSED_FUNCTION = YES;
				GCC_WARN_UNUSED_VARIABLE = YES;
				IPHONEOS_DEPLOYMENT_TARGET = 8.1;
				MTL_ENABLE_DEBUG_INFO = NO;
				SDKROOT = iphoneos;
				VALIDATE_PRODUCT = YES;
			};
			name = Release;
		};
		8D9D5E0D1A48A3ED007437B6 /* Debug */ = {
			isa = XCBuildConfiguration;
			baseConfigurationReference = 710FBD4D1624C319E270BC2B /* Pods.debug.xcconfig */;
			buildSettings = {
				ASSETCATALOG_COMPILER_APPICON_NAME = AppIcon;
				CODE_SIGN_IDENTITY = "iPhone Developer";
				"CODE_SIGN_IDENTITY[sdk=iphoneos*]" = "iPhone Developer";
				INFOPLIST_FILE = RichardsBar_iOSApp/Info.plist;
				LD_RUNPATH_SEARCH_PATHS = "$(inherited) @executable_path/Frameworks";
				PRODUCT_NAME = "$(TARGET_NAME)";
				PROVISIONING_PROFILE = "";
			};
			name = Debug;
		};
		8D9D5E0E1A48A3ED007437B6 /* Release */ = {
			isa = XCBuildConfiguration;
			baseConfigurationReference = ADA8A63F77827A32619E3D6B /* Pods.release.xcconfig */;
			buildSettings = {
				ASSETCATALOG_COMPILER_APPICON_NAME = AppIcon;
				CODE_SIGN_IDENTITY = "iPhone Developer";
				"CODE_SIGN_IDENTITY[sdk=iphoneos*]" = "iPhone Developer";
				INFOPLIST_FILE = RichardsBar_iOSApp/Info.plist;
				LD_RUNPATH_SEARCH_PATHS = "$(inherited) @executable_path/Frameworks";
				PRODUCT_NAME = "$(TARGET_NAME)";
				PROVISIONING_PROFILE = "";
			};
			name = Release;
		};
		8D9D5E101A48A3ED007437B6 /* Debug */ = {
			isa = XCBuildConfiguration;
			buildSettings = {
				BUNDLE_LOADER = "$(TEST_HOST)";
				FRAMEWORK_SEARCH_PATHS = (
					"$(SDKROOT)/Developer/Library/Frameworks",
					"$(inherited)",
				);
				GCC_PREPROCESSOR_DEFINITIONS = (
					"DEBUG=1",
					"$(inherited)",
				);
				INFOPLIST_FILE = RichardsBar_iOSAppTests/Info.plist;
				LD_RUNPATH_SEARCH_PATHS = "$(inherited) @executable_path/Frameworks @loader_path/Frameworks";
				PRODUCT_NAME = "$(TARGET_NAME)";
				TEST_HOST = "$(BUILT_PRODUCTS_DIR)/RichardsBar_iOSApp.app/RichardsBar_iOSApp";
			};
			name = Debug;
		};
		8D9D5E111A48A3ED007437B6 /* Release */ = {
			isa = XCBuildConfiguration;
			buildSettings = {
				BUNDLE_LOADER = "$(TEST_HOST)";
				FRAMEWORK_SEARCH_PATHS = (
					"$(SDKROOT)/Developer/Library/Frameworks",
					"$(inherited)",
				);
				INFOPLIST_FILE = RichardsBar_iOSAppTests/Info.plist;
				LD_RUNPATH_SEARCH_PATHS = "$(inherited) @executable_path/Frameworks @loader_path/Frameworks";
				PRODUCT_NAME = "$(TARGET_NAME)";
				TEST_HOST = "$(BUILT_PRODUCTS_DIR)/RichardsBar_iOSApp.app/RichardsBar_iOSApp";
			};
			name = Release;
		};
/* End XCBuildConfiguration section */

/* Begin XCConfigurationList section */
		8D9D5DE41A48A3ED007437B6 /* Build configuration list for PBXProject "RichardsBar_iOSApp" */ = {
			isa = XCConfigurationList;
			buildConfigurations = (
				8D9D5E0A1A48A3ED007437B6 /* Debug */,
				8D9D5E0B1A48A3ED007437B6 /* Release */,
			);
			defaultConfigurationIsVisible = 0;
			defaultConfigurationName = Release;
		};
		8D9D5E0C1A48A3ED007437B6 /* Build configuration list for PBXNativeTarget "RichardsBar_iOSApp" */ = {
			isa = XCConfigurationList;
			buildConfigurations = (
				8D9D5E0D1A48A3ED007437B6 /* Debug */,
				8D9D5E0E1A48A3ED007437B6 /* Release */,
			);
			defaultConfigurationIsVisible = 0;
			defaultConfigurationName = Release;
		};
		8D9D5E0F1A48A3ED007437B6 /* Build configuration list for PBXNativeTarget "RichardsBar_iOSAppTests" */ = {
			isa = XCConfigurationList;
			buildConfigurations = (
				8D9D5E101A48A3ED007437B6 /* Debug */,
				8D9D5E111A48A3ED007437B6 /* Release */,
			);
			defaultConfigurationIsVisible = 0;
			defaultConfigurationName = Release;
		};
/* End XCConfigurationList section */
	};
	rootObject = 8D9D5DE11A48A3ED007437B6 /* Project object */;
}
